
Microsoft Visual Studio Solution File, Format Version 12.00
# Visual Studio Version 17
VisualStudioVersion = 17.14.36408.4 d17.14
MinimumVisualStudioVersion = 10.0.40219.1
Project("{FAE04EC0-301F-11D3-BF4B-00C04F79EFBC}") = "MicroMarket", "MicroMarket.csproj", "{8DB06C0E-9425-4B7B-9758-92C449371133}"
EndProject
Global
	GlobalSection(SolutionConfigurationPlatforms) = preSolution
		Debug|Any CPU = Debug|Any CPU
		Release|Any CPU = Release|Any CPU
	EndGlobalSection
	GlobalSection(ProjectConfigurationPlatforms) = postSolution
		{8DB06C0E-9425-4B7B-9758-92C449371133}.Debug|Any CPU.ActiveCfg = Debug|Any CPU
		{8DB06C0E-9425-4B7B-9758-92C449371133}.Debug|Any CPU.Build.0 = Debug|Any CPU
		{8DB06C0E-9425-4B7B-9758-92C449371133}.Release|Any CPU.ActiveCfg = Release|Any CPU
		{8DB06C0E-9425-4B7B-9758-92C449371133}.Release|Any CPU.Build.0 = Release|Any CPU
	EndGlobalSection
	GlobalSection(SolutionProperties) = preSolution
		HideSolutionNode = FALSE
	EndGlobalSection
	GlobalSection(ExtensibilityGlobals) = postSolution
		SolutionGuid = {4AC24DCE-7A08-4851-98A1-9DA1D794AA18}
	EndGlobalSection
EndGlobal
